
Microsoft Visual Studio Solution File, Format Version 12.00
# Visual Studio Version 16
VisualStudioVersion = 16.0.29418.71
MinimumVisualStudioVersion = 10.0.40219.1
Project("{FAE04EC0-301F-11D3-BF4B-00C04F79EFBC}") = "Proyecto", "Proyecto\Proyecto.csproj", "{5BFE77EE-B876-4EAD-8E29-C883CA4F7B19}"
EndProject
Global
	GlobalSection(SolutionConfigurationPlatforms) = preSolution
		Debug|Any CPU = Debug|Any CPU
		Release|Any CPU = Release|Any CPU
	EndGlobalSection
	GlobalSection(ProjectConfigurationPlatforms) = postSolution
		{5BFE77EE-B876-4EAD-8E29-C883CA4F7B19}.Debug|Any CPU.ActiveCfg = Debug|Any CPU
		{5BFE77EE-B876-4EAD-8E29-C883CA4F7B19}.Debug|Any CPU.Build.0 = Debug|Any CPU
		{5BFE77EE-B876-4EAD-8E29-C883CA4F7B19}.Release|Any CPU.ActiveCfg = Release|Any CPU
		{5BFE77EE-B876-4EAD-8E29-C883CA4F7B19}.Release|Any CPU.Build.0 = Release|Any CPU
	EndGlobalSection
	GlobalSection(SolutionProperties) = preSolution
		HideSolutionNode = FALSE
	EndGlobalSection
	GlobalSection(ExtensibilityGlobals) = postSolution
		SolutionGuid = {BA6892CF-8C69-451C-BAD0-C9E310DCE8F0}
	EndGlobalSection
EndGlobal
